
Microsoft Visual Studio Solution File, Format Version 12.00
# Visual Studio 15
VisualStudioVersion = 15.0.27004.2005
MinimumVisualStudioVersion = 10.0.40219.1
Project("{FAE04EC0-301F-11D3-BF4B-00C04F79EFBC}") = "Projetinho", "Projetinho\Projetinho.csproj", "{C910687E-FD3D-4525-8D7B-33B31947BE44}"
EndProject
Project("{FAE04EC0-301F-11D3-BF4B-00C04F79EFBC}") = "Activity.ConUI", "Activity.ConUI\Activity.ConUI.csproj", "{78CA45F2-1B32-4B2C-95DE-2B3FB9C429D3}"
EndProject
Global
	GlobalSection(SolutionConfigurationPlatforms) = preSolution
		Debug|Any CPU = Debug|Any CPU
		Release|Any CPU = Release|Any CPU
	EndGlobalSection
	GlobalSection(ProjectConfigurationPlatforms) = postSolution
		{C910687E-FD3D-4525-8D7B-33B31947BE44}.Debug|Any CPU.ActiveCfg = Debug|Any CPU
		{C910687E-FD3D-4525-8D7B-33B31947BE44}.Debug|Any CPU.Build.0 = Debug|Any CPU
		{C910687E-FD3D-4525-8D7B-33B31947BE44}.Release|Any CPU.ActiveCfg = Release|Any CPU
		{C910687E-FD3D-4525-8D7B-33B31947BE44}.Release|Any CPU.Build.0 = Release|Any CPU
		{78CA45F2-1B32-4B2C-95DE-2B3FB9C429D3}.Debug|Any CPU.ActiveCfg = Debug|Any CPU
		{78CA45F2-1B32-4B2C-95DE-2B3FB9C429D3}.Debug|Any CPU.Build.0 = Debug|Any CPU
		{78CA45F2-1B32-4B2C-95DE-2B3FB9C429D3}.Release|Any CPU.ActiveCfg = Release|Any CPU
		{78CA45F2-1B32-4B2C-95DE-2B3FB9C429D3}.Release|Any CPU.Build.0 = Release|Any CPU
	EndGlobalSection
	GlobalSection(SolutionProperties) = preSolution
		HideSolutionNode = FALSE
	EndGlobalSection
	GlobalSection(ExtensibilityGlobals) = postSolution
		SolutionGuid = {EFA016FB-1604-482E-A1E5-7337B552F706}
	EndGlobalSection
EndGlobal
